
Microsoft Visual Studio Solution File, Format Version 12.00
Project("{FAE04EC0-301F-11D3-BF4B-00C04F79EFBC}") = "Api", "Api\Api.csproj", "{A889278F-8E79-4062-A680-B5982B8CFB57}"
EndProject
Project("{FAE04EC0-301F-11D3-BF4B-00C04F79EFBC}") = "Services", "Services\Services.csproj", "{F961F03E-AE85-4AB5-914C-D7934DCDADC0}"
EndProject
Project("{FAE04EC0-301F-11D3-BF4B-00C04F79EFBC}") = "Models", "Models\Models.csproj", "{752DA09A-DDDD-467B-8C64-5B34F40C670D}"
EndProject
Global
	GlobalSection(SolutionConfigurationPlatforms) = preSolution
		Debug|Any CPU = Debug|Any CPU
		Release|Any CPU = Release|Any CPU
	EndGlobalSection
	GlobalSection(ProjectConfigurationPlatforms) = postSolution
		{A889278F-8E79-4062-A680-B5982B8CFB57}.Debug|Any CPU.ActiveCfg = Debug|Any CPU
		{A889278F-8E79-4062-A680-B5982B8CFB57}.Debug|Any CPU.Build.0 = Debug|Any CPU
		{A889278F-8E79-4062-A680-B5982B8CFB57}.Release|Any CPU.ActiveCfg = Release|Any CPU
		{A889278F-8E79-4062-A680-B5982B8CFB57}.Release|Any CPU.Build.0 = Release|Any CPU
		{F961F03E-AE85-4AB5-914C-D7934DCDADC0}.Debug|Any CPU.ActiveCfg = Debug|Any CPU
		{F961F03E-AE85-4AB5-914C-D7934DCDADC0}.Debug|Any CPU.Build.0 = Debug|Any CPU
		{F961F03E-AE85-4AB5-914C-D7934DCDADC0}.Release|Any CPU.ActiveCfg = Release|Any CPU
		{F961F03E-AE85-4AB5-914C-D7934DCDADC0}.Release|Any CPU.Build.0 = Release|Any CPU
		{752DA09A-DDDD-467B-8C64-5B34F40C670D}.Debug|Any CPU.ActiveCfg = Debug|Any CPU
		{752DA09A-DDDD-467B-8C64-5B34F40C670D}.Debug|Any CPU.Build.0 = Debug|Any CPU
		{752DA09A-DDDD-467B-8C64-5B34F40C670D}.Release|Any CPU.ActiveCfg = Release|Any CPU
		{752DA09A-DDDD-467B-8C64-5B34F40C670D}.Release|Any CPU.Build.0 = Release|Any CPU
	EndGlobalSection
EndGlobal
